Microsoft Visual Studio Solution File, Format Version 12.00
# Visual Studio Version 17
VisualStudioVersion = 17.0.32112.339
MinimumVisualStudioVersion = 10.0.40219.1
Project("{9A19103F-16F7-4668-BE54-9A1E7A4F7556}") = "ProductApi", "ProductApi\ProductApi.csproj", "{1AB07F84-B486-4705-9F0B-425D2EE530E8}"
EndProject
Project("{9A19103F-16F7-4668-BE54-9A1E7A4F7556}") = "OrderApi", "OrderApi\OrderApi.csproj", "{559DB926-84A6-4388-A849-138C85B00412}"
EndProject
Project("{E53339B2-1760-4266-BCC7-CA923CBCF16C}") = "docker-compose", "docker-compose.dcproj", "{B0689E5C-6402-40FD-94A4-80FD735883C7}"
EndProject
Project("{9A19103F-16F7-4668-BE54-9A1E7A4F7556}") = "SharedModel", "SharedModels\SharedModel.csproj", "{A60F8D13-61D4-4B48-8D67-6E47E7660550}"
EndProject
Project("{2150E333-8FDC-42A3-9474-1A3956D46DE8}") = "Solution Items", "Solution Items", "{265D5CE3-3F09-4372-8C94-240023EC1729}"
	ProjectSection(SolutionItems) = preProject
		Config.cs = Config.cs
	EndProjectSection
EndProject
Global
	GlobalSection(SolutionConfigurationPlatforms) = preSolution
		Debug|Any CPU = Debug|Any CPU
		Release|Any CPU = Release|Any CPU
	EndGlobalSection
	GlobalSection(ProjectConfigurationPlatforms) = postSolution
		{1AB07F84-B486-4705-9F0B-425D2EE530E8}.Debug|Any CPU.ActiveCfg = Debug|Any CPU
		{1AB07F84-B486-4705-9F0B-425D2EE530E8}.Debug|Any CPU.Build.0 = Debug|Any CPU
		{1AB07F84-B486-4705-9F0B-425D2EE530E8}.Release|Any CPU.ActiveCfg = Release|Any CPU
		{1AB07F84-B486-4705-9F0B-425D2EE530E8}.Release|Any CPU.Build.0 = Release|Any CPU
		{559DB926-84A6-4388-A849-138C85B00412}.Debug|Any CPU.ActiveCfg = Debug|Any CPU
		{559DB926-84A6-4388-A849-138C85B00412}.Debug|Any CPU.Build.0 = Debug|Any CPU
		{559DB926-84A6-4388-A849-138C85B00412}.Release|Any CPU.ActiveCfg = Release|Any CPU
		{559DB926-84A6-4388-A849-138C85B00412}.Release|Any CPU.Build.0 = Release|Any CPU
		{B0689E5C-6402-40FD-94A4-80FD735883C7}.Debug|Any CPU.ActiveCfg = Debug|Any CPU
		{B0689E5C-6402-40FD-94A4-80FD735883C7}.Debug|Any CPU.Build.0 = Debug|Any CPU
		{B0689E5C-6402-40FD-94A4-80FD735883C7}.Release|Any CPU.ActiveCfg = Release|Any CPU
		{B0689E5C-6402-40FD-94A4-80FD735883C7}.Release|Any CPU.Build.0 = Release|Any CPU
		{A60F8D13-61D4-4B48-8D67-6E47E7660550}.Debug|Any CPU.ActiveCfg = Debug|Any CPU
		{A60F8D13-61D4-4B48-8D67-6E47E7660550}.Debug|Any CPU.Build.0 = Debug|Any CPU
		{A60F8D13-61D4-4B48-8D67-6E47E7660550}.Release|Any CPU.ActiveCfg = Release|Any CPU
		{A60F8D13-61D4-4B48-8D67-6E47E7660550}.Release|Any CPU.Build.0 = Release|Any CPU
	EndGlobalSection
	GlobalSection(SolutionProperties) = preSolution
		HideSolutionNode = FALSE
	EndGlobalSection
	GlobalSection(ExtensibilityGlobals) = postSolution
		SolutionGuid = {F482BDB0-B182-4F54-BA6B-2E397A1F896F}
	EndGlobalSection
EndGlobal
